
Microsoft Visual Studio Solution File, Format Version 12.00
# Visual Studio Version 17
VisualStudioVersion = 17.8.34511.84
MinimumVisualStudioVersion = 10.0.40219.1
Project("{FAE04EC0-301F-11D3-BF4B-00C04F79EFBC}") = "AnddeXokoTxapelketa", "AnddeXokoTxapelketa\AnddeXokoTxapelketa.csproj", "{FFDC1437-E350-449E-99A3-8D8C72EF1AAB}"
EndProject
Global
	GlobalSection(SolutionConfigurationPlatforms) = preSolution
		Debug|Any CPU = Debug|Any CPU
		Release|Any CPU = Release|Any CPU
	EndGlobalSection
	GlobalSection(ProjectConfigurationPlatforms) = postSolution
		{FFDC1437-E350-449E-99A3-8D8C72EF1AAB}.Debug|Any CPU.ActiveCfg = Debug|Any CPU
		{FFDC1437-E350-449E-99A3-8D8C72EF1AAB}.Debug|Any CPU.Build.0 = Debug|Any CPU
		{FFDC1437-E350-449E-99A3-8D8C72EF1AAB}.Release|Any CPU.ActiveCfg = Release|Any CPU
		{FFDC1437-E350-449E-99A3-8D8C72EF1AAB}.Release|Any CPU.Build.0 = Release|Any CPU
	EndGlobalSection
	GlobalSection(SolutionProperties) = preSolution
		HideSolutionNode = FALSE
	EndGlobalSection
	GlobalSection(ExtensibilityGlobals) = postSolution
		SolutionGuid = {E4E094D1-F923-4EC6-9FBD-92C23B8BD0E7}
	EndGlobalSection
EndGlobal
